
Microsoft Visual Studio Solution File, Format Version 12.00
# Visual Studio Version 16
VisualStudioVersion = 16.0.30611.23
MinimumVisualStudioVersion = 10.0.40219.1
Project("{9A19103F-16F7-4668-BE54-9A1E7A4F7556}") = "BinomialCalc", "BinomialCalc\BinomialCalc.csproj", "{F7C15D95-A5E1-41C2-9877-39A335D9EF00}"
EndProject
Global
	GlobalSection(SolutionConfigurationPlatforms) = preSolution
		Debug|Any CPU = Debug|Any CPU
		Release|Any CPU = Release|Any CPU
	EndGlobalSection
	GlobalSection(ProjectConfigurationPlatforms) = postSolution
		{F7C15D95-A5E1-41C2-9877-39A335D9EF00}.Debug|Any CPU.ActiveCfg = Debug|Any CPU
		{F7C15D95-A5E1-41C2-9877-39A335D9EF00}.Debug|Any CPU.Build.0 = Debug|Any CPU
		{F7C15D95-A5E1-41C2-9877-39A335D9EF00}.Release|Any CPU.ActiveCfg = Release|Any CPU
		{F7C15D95-A5E1-41C2-9877-39A335D9EF00}.Release|Any CPU.Build.0 = Release|Any CPU
	EndGlobalSection
	GlobalSection(SolutionProperties) = preSolution
		HideSolutionNode = FALSE
	EndGlobalSection
	GlobalSection(ExtensibilityGlobals) = postSolution
		SolutionGuid = {B1311380-2D2D-408A-A61D-C58CB017CE5D}
	EndGlobalSection
EndGlobal
